
Microsoft Visual Studio Solution File, Format Version 12.00
# Visual Studio Version 16
VisualStudioVersion = 16.0.29001.49
MinimumVisualStudioVersion = 10.0.40219.1
Project("{FAE04EC0-301F-11D3-BF4B-00C04F79EFBC}") = "movepicture", "movepicture\movepicture.csproj", "{D3E82AE5-8B71-43B0-BB15-263A4E3C7A65}"
EndProject
Global
	GlobalSection(SolutionConfigurationPlatforms) = preSolution
		Debug|Any CPU = Debug|Any CPU
		Release|Any CPU = Release|Any CPU
	EndGlobalSection
	GlobalSection(ProjectConfigurationPlatforms) = postSolution
		{D3E82AE5-8B71-43B0-BB15-263A4E3C7A65}.Debug|Any CPU.ActiveCfg = Debug|Any CPU
		{D3E82AE5-8B71-43B0-BB15-263A4E3C7A65}.Debug|Any CPU.Build.0 = Debug|Any CPU
		{D3E82AE5-8B71-43B0-BB15-263A4E3C7A65}.Release|Any CPU.ActiveCfg = Release|Any CPU
		{D3E82AE5-8B71-43B0-BB15-263A4E3C7A65}.Release|Any CPU.Build.0 = Release|Any CPU
	EndGlobalSection
	GlobalSection(SolutionProperties) = preSolution
		HideSolutionNode = FALSE
	EndGlobalSection
	GlobalSection(ExtensibilityGlobals) = postSolution
		SolutionGuid = {27AD34DA-6884-47FD-8174-F2B48145BAC6}
	EndGlobalSection
EndGlobal
